// !$*UTF8*$!
{
	archiveVersion = 1;
	classes = {
	};
	objectVersion = 46;
	objects = {

/* Begin PBXBuildFile section */
		CED4C3AB1BDBDC8900BDA4F5 /* AppDelegate.swift in Sources */ = {isa = PBXBuildFile; fileRef = CED4C3AA1BDBDC8900BDA4F5 /* AppDelegate.swift */; };
		CED4C3AD1BDBDC8900BDA4F5 /* ViewController.swift in Sources */ = {isa = PBXBuildFile; fileRef = CED4C3AC1BDBDC8900BDA4F5 /* ViewController.swift */; };
		CED4C3B01BDBDC8900BDA4F5 /* Main.storyboard in Resources */ = {isa = PBXBuildFile; fileRef = CED4C3AE1BDBDC8900BDA4F5 /* Main.storyboard */; };
		CED4C3B21BDBDC8900BDA4F5 /* Assets.xcassets in Resources */ = {isa = PBXBuildFile; fileRef = CED4C3B11BDBDC8900BDA4F5 /* Assets.xcassets */; };
		CED4C3B51BDBDC8900BDA4F5 /* LaunchScreen.storyboard in Resources */ = {isa = PBXBuildFile; fileRef = CED4C3B31BDBDC8900BDA4F5 /* LaunchScreen.storyboard */; };
		CED4C3C81BDBDCDB00BDA4F5 /* NerobluCore.framework in Frameworks */ = {isa = PBXBuildFile; fileRef = CED4C3C11BDBDCDB00BDA4F5 /* NerobluCore.framework */; };
		CED4C3C91BDBDCDB00BDA4F5 /* NerobluCore.framework in Embed Frameworks */ = {isa = PBXBuildFile; fileRef = CED4C3C11BDBDCDB00BDA4F5 /* NerobluCore.framework */; settings = {ATTRIBUTES = (CodeSignOnCopy, RemoveHeadersOnCopy, ); }; };
		DB4BCA811CAD700900C0FCE0 /* App.swift in Sources */ = {isa = PBXBuildFile; fileRef = DB4BCA5C1CAD700900C0FCE0 /* App.swift */; };
		DB4BCA831CAD700900C0FCE0 /* NB.swift in Sources */ = {isa = PBXBuildFile; fileRef = DB4BCA5E1CAD700900C0FCE0 /* NB.swift */; };
		DB4BCA841CAD700900C0FCE0 /* NBActionSheet.swift in Sources */ = {isa = PBXBuildFile; fileRef = DB4BCA5F1CAD700900C0FCE0 /* NBActionSheet.swift */; };
		DB4BCA851CAD700900C0FCE0 /* NBAlert.swift in Sources */ = {isa = PBXBuildFile; fileRef = DB4BCA601CAD700900C0FCE0 /* NBAlert.swift */; };
		DB4BCA861CAD700900C0FCE0 /* NBButton.swift in Sources */ = {isa = PBXBuildFile; fileRef = DB4BCA611CAD700900C0FCE0 /* NBButton.swift */; };
		DB4BCA871CAD700900C0FCE0 /* NBCollectionType.swift in Sources */ = {isa = PBXBuildFile; fileRef = DB4BCA621CAD700900C0FCE0 /* NBCollectionType.swift */; };
		DB4BCA881CAD700900C0FCE0 /* NBColor.swift in Sources */ = {isa = PBXBuildFile; fileRef = DB4BCA631CAD700900C0FCE0 /* NBColor.swift */; };
		DB4BCA891CAD700900C0FCE0 /* NBConstraint.swift in Sources */ = {isa = PBXBuildFile; fileRef = DB4BCA641CAD700900C0FCE0 /* NBConstraint.swift */; };
		DB4BCA8A1CAD700900C0FCE0 /* NBCoreGraphic.swift in Sources */ = {isa = PBXBuildFile; fileRef = DB4BCA651CAD700900C0FCE0 /* NBCoreGraphic.swift */; };
		DB4BCA8B1CAD700900C0FCE0 /* NBDate.swift in Sources */ = {isa = PBXBuildFile; fileRef = DB4BCA661CAD700900C0FCE0 /* NBDate.swift */; };
		DB4BCA8C1CAD700900C0FCE0 /* NBDimension.swift in Sources */ = {isa = PBXBuildFile; fileRef = DB4BCA671CAD700900C0FCE0 /* NBDimension.swift */; };
		DB4BCA8D1CAD700900C0FCE0 /* NBDirectory.swift in Sources */ = {isa = PBXBuildFile; fileRef = DB4BCA681CAD700900C0FCE0 /* NBDirectory.swift */; };
		DB4BCA8E1CAD700900C0FCE0 /* NBEntity.swift in Sources */ = {isa = PBXBuildFile; fileRef = DB4BCA691CAD700900C0FCE0 /* NBEntity.swift */; };
		DB4BCA8F1CAD700900C0FCE0 /* NBError.swift in Sources */ = {isa = PBXBuildFile; fileRef = DB4BCA6A1CAD700900C0FCE0 /* NBError.swift */; };
		DB4BCA901CAD700900C0FCE0 /* NBFile.swift in Sources */ = {isa = PBXBuildFile; fileRef = DB4BCA6B1CAD700900C0FCE0 /* NBFile.swift */; };
		DB4BCA911CAD700900C0FCE0 /* NBKeyboard.swift in Sources */ = {isa = PBXBuildFile; fileRef = DB4BCA6C1CAD700900C0FCE0 /* NBKeyboard.swift */; };
		DB4BCA921CAD700900C0FCE0 /* NBLog.swift in Sources */ = {isa = PBXBuildFile; fileRef = DB4BCA6D1CAD700900C0FCE0 /* NBLog.swift */; };
		DB4BCA931CAD700900C0FCE0 /* NBModel.swift in Sources */ = {isa = PBXBuildFile; fileRef = DB4BCA6E1CAD700900C0FCE0 /* NBModel.swift */; };
		DB4BCA941CAD700900C0FCE0 /* NBNetworking.swift in Sources */ = {isa = PBXBuildFile; fileRef = DB4BCA6F1CAD700900C0FCE0 /* NBNetworking.swift */; };
		DB4BCA951CAD700900C0FCE0 /* NBNotification.swift in Sources */ = {isa = PBXBuildFile; fileRef = DB4BCA701CAD700900C0FCE0 /* NBNotification.swift */; };
		DB4BCA961CAD700900C0FCE0 /* NBNumber.swift in Sources */ = {isa = PBXBuildFile; fileRef = DB4BCA711CAD700900C0FCE0 /* NBNumber.swift */; };
		DB4BCA981CAD700900C0FCE0 /* NBReflection.swift in Sources */ = {isa = PBXBuildFile; fileRef = DB4BCA731CAD700900C0FCE0 /* NBReflection.swift */; };
		DB4BCA991CAD700900C0FCE0 /* NBSelectionDialogView.swift in Sources */ = {isa = PBXBuildFile; fileRef = DB4BCA741CAD700900C0FCE0 /* NBSelectionDialogView.swift */; };
		DB4BCA9A1CAD700900C0FCE0 /* NBSettingViewController.swift in Sources */ = {isa = PBXBuildFile; fileRef = DB4BCA751CAD700900C0FCE0 /* NBSettingViewController.swift */; };
		DB4BCA9B1CAD700900C0FCE0 /* NBSlideMenu.swift in Sources */ = {isa = PBXBuildFile; fileRef = DB4BCA761CAD700900C0FCE0 /* NBSlideMenu.swift */; };
		DB4BCA9C1CAD700900C0FCE0 /* NBStoryboard.swift in Sources */ = {isa = PBXBuildFile; fileRef = DB4BCA771CAD700900C0FCE0 /* NBStoryboard.swift */; };
		DB4BCA9D1CAD700900C0FCE0 /* NBString.swift in Sources */ = {isa = PBXBuildFile; fileRef = DB4BCA781CAD700900C0FCE0 /* NBString.swift */; };
		DB4BCA9E1CAD700900C0FCE0 /* NBTableView.swift in Sources */ = {isa = PBXBuildFile; fileRef = DB4BCA791CAD700900C0FCE0 /* NBTableView.swift */; };
		DB4BCA9F1CAD700900C0FCE0 /* NBTextField.swift in Sources */ = {isa = PBXBuildFile; fileRef = DB4BCA7A1CAD700900C0FCE0 /* NBTextField.swift */; };
		DB4BCAA01CAD700900C0FCE0 /* NBTimer.swift in Sources */ = {isa = PBXBuildFile; fileRef = DB4BCA7B1CAD700900C0FCE0 /* NBTimer.swift */; };
		DB4BCAA11CAD700900C0FCE0 /* NBUserDefaults.swift in Sources */ = {isa = PBXBuildFile; fileRef = DB4BCA7C1CAD700900C0FCE0 /* NBUserDefaults.swift */; };
		DB4BCAA21CAD700900C0FCE0 /* NBView.swift in Sources */ = {isa = PBXBuildFile; fileRef = DB4BCA7D1CAD700900C0FCE0 /* NBView.swift */; };
		DB4BCAA31CAD700900C0FCE0 /* NBView+Dialog.swift in Sources */ = {isa = PBXBuildFile; fileRef = DB4BCA7E1CAD700900C0FCE0 /* NBView+Dialog.swift */; };
		DB4BCAA41CAD700900C0FCE0 /* NBViewController.swift in Sources */ = {isa = PBXBuildFile; fileRef = DB4BCA7F1CAD700900C0FCE0 /* NBViewController.swift */; };
		DB4BCAA51CAD700900C0FCE0 /* NerobluTemp.h in Headers */ = {isa = PBXBuildFile; fileRef = DB4BCA801CAD700900C0FCE0 /* NerobluTemp.h */; };
		DB66F4C21C19BD94000648F7 /* SwiftyJSON.framework in Frameworks */ = {isa = PBXBuildFile; fileRef = DB66F4C11C19BD94000648F7 /* SwiftyJSON.framework */; };
		F5BAB89BB92F694837802BE4 /* Pods_NerobluCore.framework in Frameworks */ = {isa = PBXBuildFile; fileRef = 89370D49A2F13D059BA8B418 /* Pods_NerobluCore.framework */; };
/* End PBXBuildFile section */

/* Begin PBXContainerItemProxy section */
		CED4C3C61BDBDCDB00BDA4F5 /* PBXContainerItemProxy */ = {
			isa = PBXContainerItemProxy;
			containerPortal = CED4C39F1BDBDC8900BDA4F5 /* Project object */;
			proxyType = 1;
			remoteGlobalIDString = CED4C3C01BDBDCDB00BDA4F5;
			remoteInfo = NerobluCore;
		};
/* End PBXContainerItemProxy section */

/* Begin PBXCopyFilesBuildPhase section */
		CED4C3CD1BDBDCDB00BDA4F5 /* Embed Frameworks */ = {
			isa = PBXCopyFilesBuildPhase;
			buildActionMask = 2147483647;
			dstPath = "";
			dstSubfolderSpec = 10;
			files = (
				CED4C3C91BDBDCDB00BDA4F5 /* NerobluCore.framework in Embed Frameworks */,
			);
			name = "Embed Frameworks";
			runOnlyForDeploymentPostprocessing = 0;
		};
/* End PBXCopyFilesBuildPhase section */

/* Begin PBXFileReference section */
		89370D49A2F13D059BA8B418 /* Pods_NerobluCore.framework */ = {isa = PBXFileReference; explicitFileType = wrapper.framework; includeInIndex = 0; path = Pods_NerobluCore.framework; sourceTree = BUILT_PRODUCTS_DIR; };
		92DE137B6EC3BCD7BD81D30A /* Pods-NerobluCore.release.xcconfig */ = {isa = PBXFileReference; includeInIndex = 1; lastKnownFileType = text.xcconfig; name = "Pods-NerobluCore.release.xcconfig"; path = "Pods/Target Support Files/Pods-NerobluCore/Pods-NerobluCore.release.xcconfig"; sourceTree = "<group>"; };
		CED4C3A71BDBDC8900BDA4F5 /* NerobluCoreDemo.app */ = {isa = PBXFileReference; explicitFileType = wrapper.application; includeInIndex = 0; path = NerobluCoreDemo.app; sourceTree = BUILT_PRODUCTS_DIR; };
		CED4C3AA1BDBDC8900BDA4F5 /* AppDelegate.swift */ = {isa = PBXFileReference; lastKnownFileType = sourcecode.swift; path = AppDelegate.swift; sourceTree = "<group>"; };
		CED4C3AC1BDBDC8900BDA4F5 /* ViewController.swift */ = {isa = PBXFileReference; lastKnownFileType = sourcecode.swift; path = ViewController.swift; sourceTree = "<group>"; };
		CED4C3AF1BDBDC8900BDA4F5 /* Base */ = {isa = PBXFileReference; lastKnownFileType = file.storyboard; name = Base; path = Base.lproj/Main.storyboard; sourceTree = "<group>"; };
		CED4C3B11BDBDC8900BDA4F5 /* Assets.xcassets */ = {isa = PBXFileReference; lastKnownFileType = folder.assetcatalog; path = Assets.xcassets; sourceTree = "<group>"; };
		CED4C3B41BDBDC8900BDA4F5 /* Base */ = {isa = PBXFileReference; lastKnownFileType = file.storyboard; name = Base; path = Base.lproj/LaunchScreen.storyboard; sourceTree = "<group>"; };
		CED4C3B61BDBDC8900BDA4F5 /* Info.plist */ = {isa = PBXFileReference; lastKnownFileType = text.plist.xml; path = Info.plist; sourceTree = "<group>"; };
		CED4C3C11BDBDCDB00BDA4F5 /* NerobluCore.framework */ = {isa = PBXFileReference; explicitFileType = wrapper.framework; includeInIndex = 0; path = NerobluCore.framework; sourceTree = BUILT_PRODUCTS_DIR; };
		D0124D9408A4103D5444DA51 /* Pods-NerobluCore.debug.xcconfig */ = {isa = PBXFileReference; includeInIndex = 1; lastKnownFileType = text.xcconfig; name = "Pods-NerobluCore.debug.xcconfig"; path = "Pods/Target Support Files/Pods-NerobluCore/Pods-NerobluCore.debug.xcconfig"; sourceTree = "<group>"; };
		DB4BCA5C1CAD700900C0FCE0 /* App.swift */ = {isa = PBXFileReference; fileEncoding = 4; lastKnownFileType = sourcecode.swift; path = App.swift; sourceTree = "<group>"; };
		DB4BCA5D1CAD700900C0FCE0 /* Info.plist */ = {isa = PBXFileReference; fileEncoding = 4; lastKnownFileType = text.plist.xml; path = Info.plist; sourceTree = "<group>"; };
		DB4BCA5E1CAD700900C0FCE0 /* NB.swift */ = {isa = PBXFileReference; fileEncoding = 4; lastKnownFileType = sourcecode.swift; path = NB.swift; sourceTree = "<group>"; };
		DB4BCA5F1CAD700900C0FCE0 /* NBActionSheet.swift */ = {isa = PBXFileReference; fileEncoding = 4; lastKnownFileType = sourcecode.swift; path = NBActionSheet.swift; sourceTree = "<group>"; };
		DB4BCA601CAD700900C0FCE0 /* NBAlert.swift */ = {isa = PBXFileReference; fileEncoding = 4; lastKnownFileType = sourcecode.swift; path = NBAlert.swift; sourceTree = "<group>"; };
		DB4BCA611CAD700900C0FCE0 /* NBButton.swift */ = {isa = PBXFileReference; fileEncoding = 4; lastKnownFileType = sourcecode.swift; path = NBButton.swift; sourceTree = "<group>"; };
		DB4BCA621CAD700900C0FCE0 /* NBCollectionType.swift */ = {isa = PBXFileReference; fileEncoding = 4; lastKnownFileType = sourcecode.swift; path = NBCollectionType.swift; sourceTree = "<group>"; };
		DB4BCA631CAD700900C0FCE0 /* NBColor.swift */ = {isa = PBXFileReference; fileEncoding = 4; lastKnownFileType = sourcecode.swift; path = NBColor.swift; sourceTree = "<group>"; };
		DB4BCA641CAD700900C0FCE0 /* NBConstraint.swift */ = {isa = PBXFileReference; fileEncoding = 4; lastKnownFileType = sourcecode.swift; path = NBConstraint.swift; sourceTree = "<group>"; };
		DB4BCA651CAD700900C0FCE0 /* NBCoreGraphic.swift */ = {isa = PBXFileReference; fileEncoding = 4; lastKnownFileType = sourcecode.swift; path = NBCoreGraphic.swift; sourceTree = "<group>"; };
		DB4BCA661CAD700900C0FCE0 /* NBDate.swift */ = {isa = PBXFileReference; fileEncoding = 4; lastKnownFileType = sourcecode.swift; path = NBDate.swift; sourceTree = "<group>"; };
		DB4BCA671CAD700900C0FCE0 /* NBDimension.swift */ = {isa = PBXFileReference; fileEncoding = 4; lastKnownFileType = sourcecode.swift; path = NBDimension.swift; sourceTree = "<group>"; };
		DB4BCA681CAD700900C0FCE0 /* NBDirectory.swift */ = {isa = PBXFileReference; fileEncoding = 4; lastKnownFileType = sourcecode.swift; path = NBDirectory.swift; sourceTree = "<group>"; };
		DB4BCA691CAD700900C0FCE0 /* NBEntity.swift */ = {isa = PBXFileReference; fileEncoding = 4; lastKnownFileType = sourcecode.swift; path = NBEntity.swift; sourceTree = "<group>"; };
		DB4BCA6A1CAD700900C0FCE0 /* NBError.swift */ = {isa = PBXFileReference; fileEncoding = 4; lastKnownFileType = sourcecode.swift; path = NBError.swift; sourceTree = "<group>"; };
		DB4BCA6B1CAD700900C0FCE0 /* NBFile.swift */ = {isa = PBXFileReference; fileEncoding = 4; lastKnownFileType = sourcecode.swift; path = NBFile.swift; sourceTree = "<group>"; };
		DB4BCA6C1CAD700900C0FCE0 /* NBKeyboard.swift */ = {isa = PBXFileReference; fileEncoding = 4; lastKnownFileType = sourcecode.swift; path = NBKeyboard.swift; sourceTree = "<group>"; };
		DB4BCA6D1CAD700900C0FCE0 /* NBLog.swift */ = {isa = PBXFileReference; fileEncoding = 4; lastKnownFileType = sourcecode.swift; path = NBLog.swift; sourceTree = "<group>"; };
		DB4BCA6E1CAD700900C0FCE0 /* NBModel.swift */ = {isa = PBXFileReference; fileEncoding = 4; lastKnownFileType = sourcecode.swift; path = NBModel.swift; sourceTree = "<group>"; };
		DB4BCA6F1CAD700900C0FCE0 /* NBNetworking.swift */ = {isa = PBXFileReference; fileEncoding = 4; lastKnownFileType = sourcecode.swift; path = NBNetworking.swift; sourceTree = "<group>"; };
		DB4BCA701CAD700900C0FCE0 /* NBNotification.swift */ = {isa = PBXFileReference; fileEncoding = 4; lastKnownFileType = sourcecode.swift; path = NBNotification.swift; sourceTree = "<group>"; };
		DB4BCA711CAD700900C0FCE0 /* NBNumber.swift */ = {isa = PBXFileReference; fileEncoding = 4; lastKnownFileType = sourcecode.swift; path = NBNumber.swift; sourceTree = "<group>"; };
		DB4BCA731CAD700900C0FCE0 /* NBReflection.swift */ = {isa = PBXFileReference; fileEncoding = 4; lastKnownFileType = sourcecode.swift; path = NBReflection.swift; sourceTree = "<group>"; };
		DB4BCA741CAD700900C0FCE0 /* NBSelectionDialogView.swift */ = {isa = PBXFileReference; fileEncoding = 4; lastKnownFileType = sourcecode.swift; path = NBSelectionDialogView.swift; sourceTree = "<group>"; };
		DB4BCA751CAD700900C0FCE0 /* NBSettingViewController.swift */ = {isa = PBXFileReference; fileEncoding = 4; lastKnownFileType = sourcecode.swift; path = NBSettingViewController.swift; sourceTree = "<group>"; };
		DB4BCA761CAD700900C0FCE0 /* NBSlideMenu.swift */ = {isa = PBXFileReference; fileEncoding = 4; lastKnownFileType = sourcecode.swift; path = NBSlideMenu.swift; sourceTree = "<group>"; };
		DB4BCA771CAD700900C0FCE0 /* NBStoryboard.swift */ = {isa = PBXFileReference; fileEncoding = 4; lastKnownFileType = sourcecode.swift; path = NBStoryboard.swift; sourceTree = "<group>"; };
		DB4BCA781CAD700900C0FCE0 /* NBString.swift */ = {isa = PBXFileReference; fileEncoding = 4; lastKnownFileType = sourcecode.swift; path = NBString.swift; sourceTree = "<group>"; };
		DB4BCA791CAD700900C0FCE0 /* NBTableView.swift */ = {isa = PBXFileReference; fileEncoding = 4; lastKnownFileType = sourcecode.swift; path = NBTableView.swift; sourceTree = "<group>"; };
		DB4BCA7A1CAD700900C0FCE0 /* NBTextField.swift */ = {isa = PBXFileReference; fileEncoding = 4; lastKnownFileType = sourcecode.swift; path = NBTextField.swift; sourceTree = "<group>"; };
		DB4BCA7B1CAD700900C0FCE0 /* NBTimer.swift */ = {isa = PBXFileReference; fileEncoding = 4; lastKnownFileType = sourcecode.swift; path = NBTimer.swift; sourceTree = "<group>"; };
		DB4BCA7C1CAD700900C0FCE0 /* NBUserDefaults.swift */ = {isa = PBXFileReference; fileEncoding = 4; lastKnownFileType = sourcecode.swift; path = NBUserDefaults.swift; sourceTree = "<group>"; };
		DB4BCA7D1CAD700900C0FCE0 /* NBView.swift */ = {isa = PBXFileReference; fileEncoding = 4; lastKnownFileType = sourcecode.swift; path = NBView.swift; sourceTree = "<group>"; };
		DB4BCA7E1CAD700900C0FCE0 /* NBView+Dialog.swift */ = {isa = PBXFileReference; fileEncoding = 4; lastKnownFileType = sourcecode.swift; path = "NBView+Dialog.swift"; sourceTree = "<group>"; };
		DB4BCA7F1CAD700900C0FCE0 /* NBViewController.swift */ = {isa = PBXFileReference; fileEncoding = 4; lastKnownFileType = sourcecode.swift; path = NBViewController.swift; sourceTree = "<group>"; };
		DB4BCA801CAD700900C0FCE0 /* NerobluTemp.h */ = {isa = PBXFileReference; fileEncoding = 4; lastKnownFileType = sourcecode.c.h; path = NerobluTemp.h; sourceTree = "<group>"; };
		DB66F4C11C19BD94000648F7 /* SwiftyJSON.framework */ = {isa = PBXFileReference; lastKnownFileType = wrapper.framework; name = SwiftyJSON.framework; path = "Pods/../build/Debug-iphoneos/SwiftyJSON.framework"; sourceTree = "<group>"; };
/* End PBXFileReference section */

/* Begin PBXFrameworksBuildPhase section */
		CED4C3A41BDBDC8900BDA4F5 /* Frameworks */ = {
			isa = PBXFrameworksBuildPhase;
			buildActionMask = 2147483647;
			files = (
				CED4C3C81BDBDCDB00BDA4F5 /* NerobluCore.framework in Frameworks */,
			);
			runOnlyForDeploymentPostprocessing = 0;
		};
		CED4C3BD1BDBDCDB00BDA4F5 /* Frameworks */ = {
			isa = PBXFrameworksBuildPhase;
			buildActionMask = 2147483647;
			files = (
				DB66F4C21C19BD94000648F7 /* SwiftyJSON.framework in Frameworks */,
				F5BAB89BB92F694837802BE4 /* Pods_NerobluCore.framework in Frameworks */,
			);
			runOnlyForDeploymentPostprocessing = 0;
		};
/* End PBXFrameworksBuildPhase section */

/* Begin PBXGroup section */
		25BB8FE23FA8B4E49237EC5C /* Pods */ = {
			isa = PBXGroup;
			children = (
				D0124D9408A4103D5444DA51 /* Pods-NerobluCore.debug.xcconfig */,
				92DE137B6EC3BCD7BD81D30A /* Pods-NerobluCore.release.xcconfig */,
			);
			name = Pods;
			sourceTree = "<group>";
		};
		B60BF37BBAE02B29DEA5B0D1 /* Frameworks */ = {
			isa = PBXGroup;
			children = (
				DB66F4C11C19BD94000648F7 /* SwiftyJSON.framework */,
				89370D49A2F13D059BA8B418 /* Pods_NerobluCore.framework */,
			);
			name = Frameworks;
			sourceTree = "<group>";
		};
		CED4C39E1BDBDC8900BDA4F5 = {
			isa = PBXGroup;
			children = (
				CED4C3A91BDBDC8900BDA4F5 /* NerobluCoreDemo */,
				CED4C3C21BDBDCDB00BDA4F5 /* NerobluCore */,
				CED4C3A81BDBDC8900BDA4F5 /* Products */,
				25BB8FE23FA8B4E49237EC5C /* Pods */,
				B60BF37BBAE02B29DEA5B0D1 /* Frameworks */,
			);
			sourceTree = "<group>";
		};
		CED4C3A81BDBDC8900BDA4F5 /* Products */ = {
			isa = PBXGroup;
			children = (
				CED4C3A71BDBDC8900BDA4F5 /* NerobluCoreDemo.app */,
				CED4C3C11BDBDCDB00BDA4F5 /* NerobluCore.framework */,
			);
			name = Products;
			sourceTree = "<group>";
		};
		CED4C3A91BDBDC8900BDA4F5 /* NerobluCoreDemo */ = {
			isa = PBXGroup;
			children = (
				CED4C3AA1BDBDC8900BDA4F5 /* AppDelegate.swift */,
				CED4C3AC1BDBDC8900BDA4F5 /* ViewController.swift */,
				CED4C3AE1BDBDC8900BDA4F5 /* Main.storyboard */,
				CED4C3B11BDBDC8900BDA4F5 /* Assets.xcassets */,
				CED4C3B31BDBDC8900BDA4F5 /* LaunchScreen.storyboard */,
				CED4C3B61BDBDC8900BDA4F5 /* Info.plist */,
			);
			path = NerobluCoreDemo;
			sourceTree = "<group>";
		};
		CED4C3C21BDBDCDB00BDA4F5 /* NerobluCore */ = {
			isa = PBXGroup;
			children = (
				DB4BCA5C1CAD700900C0FCE0 /* App.swift */,
				DB4BCA5D1CAD700900C0FCE0 /* Info.plist */,
				DB4BCA5E1CAD700900C0FCE0 /* NB.swift */,
				DB4BCA5F1CAD700900C0FCE0 /* NBActionSheet.swift */,
				DB4BCA601CAD700900C0FCE0 /* NBAlert.swift */,
				DB4BCA611CAD700900C0FCE0 /* NBButton.swift */,
				DB4BCA621CAD700900C0FCE0 /* NBCollectionType.swift */,
				DB4BCA631CAD700900C0FCE0 /* NBColor.swift */,
				DB4BCA641CAD700900C0FCE0 /* NBConstraint.swift */,
				DB4BCA651CAD700900C0FCE0 /* NBCoreGraphic.swift */,
				DB4BCA661CAD700900C0FCE0 /* NBDate.swift */,
				DB4BCA671CAD700900C0FCE0 /* NBDimension.swift */,
				DB4BCA681CAD700900C0FCE0 /* NBDirectory.swift */,
				DB4BCA691CAD700900C0FCE0 /* NBEntity.swift */,
				DB4BCA6A1CAD700900C0FCE0 /* NBError.swift */,
				DB4BCA6B1CAD700900C0FCE0 /* NBFile.swift */,
				DB4BCA6C1CAD700900C0FCE0 /* NBKeyboard.swift */,
				DB4BCA6D1CAD700900C0FCE0 /* NBLog.swift */,
				DB4BCA6E1CAD700900C0FCE0 /* NBModel.swift */,
				DB4BCA6F1CAD700900C0FCE0 /* NBNetworking.swift */,
				DB4BCA701CAD700900C0FCE0 /* NBNotification.swift */,
				DB4BCA711CAD700900C0FCE0 /* NBNumber.swift */,
				DB4BCA731CAD700900C0FCE0 /* NBReflection.swift */,
				DB4BCA741CAD700900C0FCE0 /* NBSelectionDialogView.swift */,
				DB4BCA751CAD700900C0FCE0 /* NBSettingViewController.swift */,
				DB4BCA761CAD700900C0FCE0 /* NBSlideMenu.swift */,
				DB4BCA771CAD700900C0FCE0 /* NBStoryboard.swift */,
				DB4BCA781CAD700900C0FCE0 /* NBString.swift */,
				DB4BCA791CAD700900C0FCE0 /* NBTableView.swift */,
				DB4BCA7A1CAD700900C0FCE0 /* NBTextField.swift */,
				DB4BCA7B1CAD700900C0FCE0 /* NBTimer.swift */,
				DB4BCA7C1CAD700900C0FCE0 /* NBUserDefaults.swift */,
				DB4BCA7D1CAD700900C0FCE0 /* NBView.swift */,
				DB4BCA7E1CAD700900C0FCE0 /* NBView+Dialog.swift */,
				DB4BCA7F1CAD700900C0FCE0 /* NBViewController.swift */,
				DB4BCA801CAD700900C0FCE0 /* NerobluTemp.h */,
			);
			path = NerobluCore;
			sourceTree = "<group>";
		};
/* End PBXGroup section */

/* Begin PBXHeadersBuildPhase section */
		CED4C3BE1BDBDCDB00BDA4F5 /* Headers */ = {
			isa = PBXHeadersBuildPhase;
			buildActionMask = 2147483647;
			files = (
				DB4BCAA51CAD700900C0FCE0 /* NerobluTemp.h in Headers */,
			);
			runOnlyForDeploymentPostprocessing = 0;
		};
/* End PBXHeadersBuildPhase section */

/* Begin PBXNativeTarget section */
		CED4C3A61BDBDC8900BDA4F5 /* NerobluCoreDemo */ = {
			isa = PBXNativeTarget;
			buildConfigurationList = CED4C3B91BDBDC8900BDA4F5 /* Build configuration list for PBXNativeTarget "NerobluCoreDemo" */;
			buildPhases = (
				CED4C3A31BDBDC8900BDA4F5 /* Sources */,
				CED4C3A41BDBDC8900BDA4F5 /* Frameworks */,
				CED4C3A51BDBDC8900BDA4F5 /* Resources */,
				CED4C3CD1BDBDCDB00BDA4F5 /* Embed Frameworks */,
			);
			buildRules = (
			);
			dependencies = (
				CED4C3C71BDBDCDB00BDA4F5 /* PBXTargetDependency */,
			);
			name = NerobluCoreDemo;
			productName = NerobluCoreDemo;
			productReference = CED4C3A71BDBDC8900BDA4F5 /* NerobluCoreDemo.app */;
			productType = "com.apple.product-type.application";
		};
		CED4C3C01BDBDCDB00BDA4F5 /* NerobluCore */ = {
			isa = PBXNativeTarget;
			buildConfigurationList = CED4C3CC1BDBDCDB00BDA4F5 /* Build configuration list for PBXNativeTarget "NerobluCore" */;
			buildPhases = (
				4D98368AB6B498E26AC45D91 /* Check Pods Manifest.lock */,
				CED4C3BC1BDBDCDB00BDA4F5 /* Sources */,
				CED4C3BD1BDBDCDB00BDA4F5 /* Frameworks */,
				CED4C3BE1BDBDCDB00BDA4F5 /* Headers */,
				CED4C3BF1BDBDCDB00BDA4F5 /* Resources */,
				28FD01E76267FD0B6E0121A3 /* Copy Pods Resources */,
			);
			buildRules = (
			);
			dependencies = (
			);
			name = NerobluCore;
			productName = NerobluCore;
			productReference = CED4C3C11BDBDCDB00BDA4F5 /* NerobluCore.framework */;
			productType = "com.apple.product-type.framework";
		};
/* End PBXNativeTarget section */

/* Begin PBXProject section */
		CED4C39F1BDBDC8900BDA4F5 /* Project object */ = {
			isa = PBXProject;
			attributes = {
				LastSwiftUpdateCheck = 0720;
				LastUpgradeCheck = 0720;
				ORGANIZATIONNAME = NeroBlu;
				TargetAttributes = {
					CED4C3A61BDBDC8900BDA4F5 = {
						CreatedOnToolsVersion = 7.0.1;
					};
					CED4C3C01BDBDCDB00BDA4F5 = {
						CreatedOnToolsVersion = 7.0.1;
					};
				};
			};
			buildConfigurationList = CED4C3A21BDBDC8900BDA4F5 /* Build configuration list for PBXProject "NerobluCoreDemo" */;
			compatibilityVersion = "Xcode 3.2";
			developmentRegion = English;
			hasScannedForEncodings = 0;
			knownRegions = (
				en,
				Base,
			);
			mainGroup = CED4C39E1BDBDC8900BDA4F5;
			productRefGroup = CED4C3A81BDBDC8900BDA4F5 /* Products */;
			projectDirPath = "";
			projectRoot = "";
			targets = (
				CED4C3A61BDBDC8900BDA4F5 /* NerobluCoreDemo */,
				CED4C3C01BDBDCDB00BDA4F5 /* NerobluCore */,
			);
		};
/* End PBXProject section */

/* Begin PBXResourcesBuildPhase section */
		CED4C3A51BDBDC8900BDA4F5 /* Resources */ = {
			isa = PBXResourcesBuildPhase;
			buildActionMask = 2147483647;
			files = (
				CED4C3B51BDBDC8900BDA4F5 /* LaunchScreen.storyboard in Resources */,
				CED4C3B21BDBDC8900BDA4F5 /* Assets.xcassets in Resources */,
				CED4C3B01BDBDC8900BDA4F5 /* Main.storyboard in Resources */,
			);
			runOnlyForDeploymentPostprocessing = 0;
		};
		CED4C3BF1BDBDCDB00BDA4F5 /* Resources */ = {
			isa = PBXResourcesBuildPhase;
			buildActionMask = 2147483647;
			files = (
			);
			runOnlyForDeploymentPostprocessing = 0;
		};
/* End PBXResourcesBuildPhase section */

/* Begin PBXShellScriptBuildPhase section */
		28FD01E76267FD0B6E0121A3 /* Copy Pods Resources */ = {
			isa = PBXShellScriptBuildPhase;
			buildActionMask = 2147483647;
			files = (
			);
			inputPaths = (
			);
			name = "Copy Pods Resources";
			outputPaths = (
			);
			runOnlyForDeploymentPostprocessing = 0;
			shellPath = /bin/sh;
			shellScript = "\"${SRCROOT}/Pods/Target Support Files/Pods-NerobluCore/Pods-NerobluCore-resources.sh\"\n";
			showEnvVarsInLog = 0;
		};
		4D98368AB6B498E26AC45D91 /* Check Pods Manifest.lock */ = {
			isa = PBXShellScriptBuildPhase;
			buildActionMask = 2147483647;
			files = (
			);
			inputPaths = (
			);
			name = "Check Pods Manifest.lock";
			outputPaths = (
			);
			runOnlyForDeploymentPostprocessing = 0;
			shellPath = /bin/sh;
			shellScript = "diff \"${PODS_ROOT}/../Podfile.lock\" \"${PODS_ROOT}/Manifest.lock\" > /dev/null\nif [[ $? != 0 ]] ; then\n    cat << EOM\nerror: The sandbox is not in sync with the Podfile.lock. Run 'pod install' or update your CocoaPods installation.\nEOM\n    exit 1\nfi\n";
			showEnvVarsInLog = 0;
		};
/* End PBXShellScriptBuildPhase section */

/* Begin PBXSourcesBuildPhase section */
		CED4C3A31BDBDC8900BDA4F5 /* Sources */ = {
			isa = PBXSourcesBuildPhase;
			buildActionMask = 2147483647;
			files = (
				CED4C3AD1BDBDC8900BDA4F5 /* ViewController.swift in Sources */,
				CED4C3AB1BDBDC8900BDA4F5 /* AppDelegate.swift in Sources */,
			);
			runOnlyForDeploymentPostprocessing = 0;
		};
		CED4C3BC1BDBDCDB00BDA4F5 /* Sources */ = {
			isa = PBXSourcesBuildPhase;
			buildActionMask = 2147483647;
			files = (
				DB4BCA921CAD700900C0FCE0 /* NBLog.swift in Sources */,
				DB4BCA8A1CAD700900C0FCE0 /* NBCoreGraphic.swift in Sources */,
				DB4BCA951CAD700900C0FCE0 /* NBNotification.swift in Sources */,
				DB4BCAA21CAD700900C0FCE0 /* NBView.swift in Sources */,
				DB4BCA8D1CAD700900C0FCE0 /* NBDirectory.swift in Sources */,
				DB4BCA981CAD700900C0FCE0 /* NBReflection.swift in Sources */,
				DB4BCA8B1CAD700900C0FCE0 /* NBDate.swift in Sources */,
				DB4BCA861CAD700900C0FCE0 /* NBButton.swift in Sources */,
				DB4BCA871CAD700900C0FCE0 /* NBCollectionType.swift in Sources */,
				DB4BCA9D1CAD700900C0FCE0 /* NBString.swift in Sources */,
				DB4BCA9A1CAD700900C0FCE0 /* NBSettingViewController.swift in Sources */,
				DB4BCA901CAD700900C0FCE0 /* NBFile.swift in Sources */,
				DB4BCA931CAD700900C0FCE0 /* NBModel.swift in Sources */,
				DB4BCA961CAD700900C0FCE0 /* NBNumber.swift in Sources */,
				DB4BCA891CAD700900C0FCE0 /* NBConstraint.swift in Sources */,
				DB4BCA851CAD700900C0FCE0 /* NBAlert.swift in Sources */,
				DB4BCA811CAD700900C0FCE0 /* App.swift in Sources */,
				DB4BCAA01CAD700900C0FCE0 /* NBTimer.swift in Sources */,
				DB4BCA831CAD700900C0FCE0 /* NB.swift in Sources */,
				DB4BCAA31CAD700900C0FCE0 /* NBView+Dialog.swift in Sources */,
				DB4BCA8C1CAD700900C0FCE0 /* NBDimension.swift in Sources */,
				DB4BCA8F1CAD700900C0FCE0 /* NBError.swift in Sources */,
				DB4BCA911CAD700900C0FCE0 /* NBKeyboard.swift in Sources */,
				DB4BCAA11CAD700900C0FCE0 /* NBUserDefaults.swift in Sources */,
				DB4BCA9F1CAD700900C0FCE0 /* NBTextField.swift in Sources */,
				DB4BCA8E1CAD700900C0FCE0 /* NBEntity.swift in Sources */,
				DB4BCA941CAD700900C0FCE0 /* NBNetworking.swift in Sources */,
				DB4BCA9B1CAD700900C0FCE0 /* NBSlideMenu.swift in Sources */,
				DB4BCA881CAD700900C0FCE0 /* NBColor.swift in Sources */,
				DB4BCA841CAD700900C0FCE0 /* NBActionSheet.swift in Sources */,
				DB4BCA9C1CAD700900C0FCE0 /* NBStoryboard.swift in Sources */,
				DB4BCA9E1CAD700900C0FCE0 /* NBTableView.swift in Sources */,
				DB4BCAA41CAD700900C0FCE0 /* NBViewController.swift in Sources */,
				DB4BCA991CAD700900C0FCE0 /* NBSelectionDialogView.swift in Sources */,
			);
			runOnlyForDeploymentPostprocessing = 0;
		};
/* End PBXSourcesBuildPhase section */

/* Begin PBXTargetDependency section */
		CED4C3C71BDBDCDB00BDA4F5 /* PBXTargetDependency */ = {
			isa = PBXTargetDependency;
			target = CED4C3C01BDBDCDB00BDA4F5 /* NerobluCore */;
			targetProxy = CED4C3C61BDBDCDB00BDA4F5 /* PBXContainerItemProxy */;
		};
/* End PBXTargetDependency section */

/* Begin PBXVariantGroup section */
		CED4C3AE1BDBDC8900BDA4F5 /* Main.storyboard */ = {
			isa = PBXVariantGroup;
			children = (
				CED4C3AF1BDBDC8900BDA4F5 /* Base */,
			);
			name = Main.storyboard;
			sourceTree = "<group>";
		};
		CED4C3B31BDBDC8900BDA4F5 /* LaunchScreen.storyboard */ = {
			isa = PBXVariantGroup;
			children = (
				CED4C3B41BDBDC8900BDA4F5 /* Base */,
			);
			name = LaunchScreen.storyboard;
			sourceTree = "<group>";
		};
/* End PBXVariantGroup section */

/* Begin XCBuildConfiguration section */
		CED4C3B71BDBDC8900BDA4F5 /* Debug */ = {
			isa = XCBuildConfiguration;
			buildSettings = {
				ALWAYS_SEARCH_USER_PATHS = NO;
				CLANG_CXX_LANGUAGE_STANDARD = "gnu++0x";
				CLANG_CXX_LIBRARY = "libc++";
				CLANG_ENABLE_MODULES = YES;
				CLANG_ENABLE_OBJC_ARC = YES;
				CLANG_WARN_BOOL_CONVERSION = YES;
				CLANG_WARN_CONSTANT_CONVERSION = YES;
				CLANG_WARN_DIRECT_OBJC_ISA_USAGE = YES_ERROR;
				CLANG_WARN_EMPTY_BODY = YES;
				CLANG_WARN_ENUM_CONVERSION = YES;
				CLANG_WARN_INT_CONVERSION = YES;
				CLANG_WARN_OBJC_ROOT_CLASS = YES_ERROR;
				CLANG_WARN_UNREACHABLE_CODE = YES;
				CLANG_WARN__DUPLICATE_METHOD_MATCH = YES;
				"CODE_SIGN_IDENTITY[sdk=iphoneos*]" = "iPhone Developer";
				COPY_PHASE_STRIP = NO;
				DEBUG_INFORMATION_FORMAT = dwarf;
				ENABLE_STRICT_OBJC_MSGSEND = YES;
				ENABLE_TESTABILITY = YES;
				GCC_C_LANGUAGE_STANDARD = gnu99;
				GCC_DYNAMIC_NO_PIC = NO;
				GCC_NO_COMMON_BLOCKS = YES;
				GCC_OPTIMIZATION_LEVEL = 0;
				GCC_PREPROCESSOR_DEFINITIONS = (
					"DEBUG=1",
					"$(inherited)",
				);
				GCC_WARN_64_TO_32_BIT_CONVERSION = YES;
				GCC_WARN_ABOUT_RETURN_TYPE = YES_ERROR;
				GCC_WARN_UNDECLARED_SELECTOR = YES;
				GCC_WARN_UNINITIALIZED_AUTOS = YES_AGGRESSIVE;
				GCC_WARN_UNUSED_FUNCTION = YES;
				GCC_WARN_UNUSED_VARIABLE = YES;
				IPHONEOS_DEPLOYMENT_TARGET = 9.0;
				MTL_ENABLE_DEBUG_INFO = YES;
				ONLY_ACTIVE_ARCH = YES;
				SDKROOT = iphoneos;
				SWIFT_OPTIMIZATION_LEVEL = "-Onone";
			};
			name = Debug;
		};
		CED4C3B81BDBDC8900BDA4F5 /* Release */ = {
			isa = XCBuildConfiguration;
			buildSettings = {
				ALWAYS_SEARCH_USER_PATHS = NO;
				CLANG_CXX_LANGUAGE_STANDARD = "gnu++0x";
				CLANG_CXX_LIBRARY = "libc++";
				CLANG_ENABLE_MODULES = YES;
				CLANG_ENABLE_OBJC_ARC = YES;
				CLANG_WARN_BOOL_CONVERSION = YES;
				CLANG_WARN_CONSTANT_CONVERSION = YES;
				CLANG_WARN_DIRECT_OBJC_ISA_USAGE = YES_ERROR;
				CLANG_WARN_EMPTY_BODY = YES;
				CLANG_WARN_ENUM_CONVERSION = YES;
				CLANG_WARN_INT_CONVERSION = YES;
				CLANG_WARN_OBJC_ROOT_CLASS = YES_ERROR;
				CLANG_WARN_UNREACHABLE_CODE = YES;
				CLANG_WARN__DUPLICATE_METHOD_MATCH = YES;
				"CODE_SIGN_IDENTITY[sdk=iphoneos*]" = "iPhone Developer";
				COPY_PHASE_STRIP = NO;
				DEBUG_INFORMATION_FORMAT = "dwarf-with-dsym";
				ENABLE_NS_ASSERTIONS = NO;
				ENABLE_STRICT_OBJC_MSGSEND = YES;
				GCC_C_LANGUAGE_STANDARD = gnu99;
				GCC_NO_COMMON_BLOCKS = YES;
				GCC_WARN_64_TO_32_BIT_CONVERSION = YES;
				GCC_WARN_ABOUT_RETURN_TYPE = YES_ERROR;
				GCC_WARN_UNDECLARED_SELECTOR = YES;
				GCC_WARN_UNINITIALIZED_AUTOS = YES_AGGRESSIVE;
				GCC_WARN_UNUSED_FUNCTION = YES;
				GCC_WARN_UNUSED_VARIABLE = YES;
				IPHONEOS_DEPLOYMENT_TARGET = 9.0;
				MTL_ENABLE_DEBUG_INFO = NO;
				SDKROOT = iphoneos;
				VALIDATE_PRODUCT = YES;
			};
			name = Release;
		};
		CED4C3BA1BDBDC8900BDA4F5 /* Debug */ = {
			isa = XCBuildConfiguration;
			buildSettings = {
				ASSETCATALOG_COMPILER_APPICON_NAME = AppIcon;
				EMBEDDED_CONTENT_CONTAINS_SWIFT = YES;
				INFOPLIST_FILE = NerobluCoreDemo/Info.plist;
				LD_RUNPATH_SEARCH_PATHS = "$(inherited) @executable_path/Frameworks";
				PRODUCT_BUNDLE_IDENTIFIER = jp.co.neroblu.NerobluCoreDemo;
				PRODUCT_NAME = "$(TARGET_NAME)";
			};
			name = Debug;
		};
		CED4C3BB1BDBDC8900BDA4F5 /* Release */ = {
			isa = XCBuildConfiguration;
			buildSettings = {
				ASSETCATALOG_COMPILER_APPICON_NAME = AppIcon;
				EMBEDDED_CONTENT_CONTAINS_SWIFT = YES;
				INFOPLIST_FILE = NerobluCoreDemo/Info.plist;
				LD_RUNPATH_SEARCH_PATHS = "$(inherited) @executable_path/Frameworks";
				PRODUCT_BUNDLE_IDENTIFIER = jp.co.neroblu.NerobluCoreDemo;
				PRODUCT_NAME = "$(TARGET_NAME)";
			};
			name = Release;
		};
		CED4C3CA1BDBDCDB00BDA4F5 /* Debug */ = {
			isa = XCBuildConfiguration;
			baseConfigurationReference = D0124D9408A4103D5444DA51 /* Pods-NerobluCore.debug.xcconfig */;
			buildSettings = {
				CLANG_ENABLE_MODULES = YES;
				CURRENT_PROJECT_VERSION = 1;
				DEFINES_MODULE = YES;
				DYLIB_COMPATIBILITY_VERSION = 1;
				DYLIB_CURRENT_VERSION = 1;
				DYLIB_INSTALL_NAME_BASE = "@rpath";
				FRAMEWORK_SEARCH_PATHS = "$(inherited)";
				INFOPLIST_FILE = NerobluCore/Info.plist;
				INSTALL_PATH = "$(LOCAL_LIBRARY_DIR)/Frameworks";
				LD_RUNPATH_SEARCH_PATHS = "$(inherited) @executable_path/Frameworks @loader_path/Frameworks";
				PRODUCT_BUNDLE_IDENTIFIER = jp.co.neroblu.NerobluCore;
				PRODUCT_NAME = "$(TARGET_NAME)";
				SKIP_INSTALL = YES;
				SWIFT_OPTIMIZATION_LEVEL = "-Onone";
				TARGETED_DEVICE_FAMILY = "1,2";
				VERSIONING_SYSTEM = "apple-generic";
				VERSION_INFO_PREFIX = "";
			};
			name = Debug;
		};
		CED4C3CB1BDBDCDB00BDA4F5 /* Release */ = {
			isa = XCBuildConfiguration;
			baseConfigurationReference = 92DE137B6EC3BCD7BD81D30A /* Pods-NerobluCore.release.xcconfig */;
			buildSettings = {
				CLANG_ENABLE_MODULES = YES;
				CURRENT_PROJECT_VERSION = 1;
				DEFINES_MODULE = YES;
				DYLIB_COMPATIBILITY_VERSION = 1;
				DYLIB_CURRENT_VERSION = 1;
				DYLIB_INSTALL_NAME_BASE = "@rpath";
				FRAMEWORK_SEARCH_PATHS = "$(inherited)";
				INFOPLIST_FILE = NerobluCore/Info.plist;
				INSTALL_PATH = "$(LOCAL_LIBRARY_DIR)/Frameworks";
				LD_RUNPATH_SEARCH_PATHS = "$(inherited) @executable_path/Frameworks @loader_path/Frameworks";
				PRODUCT_BUNDLE_IDENTIFIER = jp.co.neroblu.NerobluCore;
				PRODUCT_NAME = "$(TARGET_NAME)";
				SKIP_INSTALL = YES;
				TARGETED_DEVICE_FAMILY = "1,2";
				VERSIONING_SYSTEM = "apple-generic";
				VERSION_INFO_PREFIX = "";
			};
			name = Release;
		};
/* End XCBuildConfiguration section */

/* Begin XCConfigurationList section */
		CED4C3A21BDBDC8900BDA4F5 /* Build configuration list for PBXProject "NerobluCoreDemo" */ = {
			isa = XCConfigurationList;
			buildConfigurations = (
				CED4C3B71BDBDC8900BDA4F5 /* Debug */,
				CED4C3B81BDBDC8900BDA4F5 /* Release */,
			);
			defaultConfigurationIsVisible = 0;
			defaultConfigurationName = Release;
		};
		CED4C3B91BDBDC8900BDA4F5 /* Build configuration list for PBXNativeTarget "NerobluCoreDemo" */ = {
			isa = XCConfigurationList;
			buildConfigurations = (
				CED4C3BA1BDBDC8900BDA4F5 /* Debug */,
				CED4C3BB1BDBDC8900BDA4F5 /* Release */,
			);
			defaultConfigurationIsVisible = 0;
			defaultConfigurationName = Release;
		};
		CED4C3CC1BDBDCDB00BDA4F5 /* Build configuration list for PBXNativeTarget "NerobluCore" */ = {
			isa = XCConfigurationList;
			buildConfigurations = (
				CED4C3CA1BDBDCDB00BDA4F5 /* Debug */,
				CED4C3CB1BDBDCDB00BDA4F5 /* Release */,
			);
			defaultConfigurationIsVisible = 0;
			defaultConfigurationName = Release;
		};
/* End XCConfigurationList section */
	};
	rootObject = CED4C39F1BDBDC8900BDA4F5 /* Project object */;
}
